
Microsoft Visual Studio Solution File, Format Version 12.00
# Visual Studio 15
VisualStudioVersion = 15.0.27703.2047
MinimumVisualStudioVersion = 10.0.40219.1
Project("{8BC9CEB8-8B4A-11D0-8D11-00A0C91BC942}") = "AmmoHack", "AmmoHack.vcxproj", "{6B2C2BF4-6ACB-4B8D-9B31-4787312E7F49}"
EndProject
Global
	GlobalSection(SolutionConfigurationPlatforms) = preSolution
		Debug|x64 = Debug|x64
		Debug|x86 = Debug|x86
		Release|x64 = Release|x64
		Release|x86 = Release|x86
	EndGlobalSection
	GlobalSection(ProjectConfigurationPlatforms) = postSolution
		{6B2C2BF4-6ACB-4B8D-9B31-4787312E7F49}.Debug|x64.ActiveCfg = Debug|x64
		{6B2C2BF4-6ACB-4B8D-9B31-4787312E7F49}.Debug|x64.Build.0 = Debug|x64
		{6B2C2BF4-6ACB-4B8D-9B31-4787312E7F49}.Debug|x86.ActiveCfg = Debug|Win32
		{6B2C2BF4-6ACB-4B8D-9B31-4787312E7F49}.Debug|x86.Build.0 = Debug|Win32
		{6B2C2BF4-6ACB-4B8D-9B31-4787312E7F49}.Release|x64.ActiveCfg = Release|x64
		{6B2C2BF4-6ACB-4B8D-9B31-4787312E7F49}.Release|x64.Build.0 = Release|x64
		{6B2C2BF4-6ACB-4B8D-9B31-4787312E7F49}.Release|x86.ActiveCfg = Release|Win32
		{6B2C2BF4-6ACB-4B8D-9B31-4787312E7F49}.Release|x86.Build.0 = Release|Win32
	EndGlobalSection
	GlobalSection(SolutionProperties) = preSolution
		HideSolutionNode = FALSE
	EndGlobalSection
	GlobalSection(ExtensibilityGlobals) = postSolution
		SolutionGuid = {CEB10D5E-E9D8-48D6-9CB8-FC7EBDC612B7}
	EndGlobalSection
EndGlobal
